// !$*UTF8*$!
{
	archiveVersion = 1;
	classes = {
	};
	objectVersion = 46;
	objects = {

/* Begin PBXBuildFile section */
		3F7BD88919AAF61200AF8032 /* OptionsViewController.m in Sources */ = {isa = PBXBuildFile; fileRef = 3F7BD88819AAF61200AF8032 /* OptionsViewController.m */; };
		3F7BD88C19AAF62100AF8032 /* HelpViewController.m in Sources */ = {isa = PBXBuildFile; fileRef = 3F7BD88B19AAF62100AF8032 /* HelpViewController.m */; };
		3F7BD88F19AAF93800AF8032 /* MainViewController.m in Sources */ = {isa = PBXBuildFile; fileRef = 3F7BD88E19AAF93800AF8032 /* MainViewController.m */; };
		3F7BD89119AB07DA00AF8032 /* Filmotype-Modern.otf in Resources */ = {isa = PBXBuildFile; fileRef = 3F7BD89019AB075100AF8032 /* Filmotype-Modern.otf */; };
		3F92827819AA85E6000D3791 /* main.m in Sources */ = {isa = PBXBuildFile; fileRef = 3F92827719AA85E6000D3791 /* main.m */; };
		3F92827B19AA85E6000D3791 /* AppDelegate.m in Sources */ = {isa = PBXBuildFile; fileRef = 3F92827A19AA85E6000D3791 /* AppDelegate.m */; };
		3F92828119AA85E6000D3791 /* Main.storyboard in Resources */ = {isa = PBXBuildFile; fileRef = 3F92827F19AA85E6000D3791 /* Main.storyboard */; };
		3F92828319AA85E6000D3791 /* Images.xcassets in Resources */ = {isa = PBXBuildFile; fileRef = 3F92828219AA85E6000D3791 /* Images.xcassets */; };
		3F92828F19AA85E6000D3791 /* GhostWordTests.m in Sources */ = {isa = PBXBuildFile; fileRef = 3F92828E19AA85E6000D3791 /* GhostWordTests.m */; };
		3F92829919AA87F4000D3791 /* en.txt in Resources */ = {isa = PBXBuildFile; fileRef = 3F92829819AA87F4000D3791 /* en.txt */; };
		3F92829E19AA9713000D3791 /* LetterNode.m in Sources */ = {isa = PBXBuildFile; fileRef = 3F92829D19AA9713000D3791 /* LetterNode.m */; };
		3F9282A019AA9727000D3791 /* MatchViewController.m in Sources */ = {isa = PBXBuildFile; fileRef = 3F92829F19AA9727000D3791 /* MatchViewController.m */; };
		3F9282A319AAB546000D3791 /* LogicEngine.m in Sources */ = {isa = PBXBuildFile; fileRef = 3F9282A219AAB546000D3791 /* LogicEngine.m */; };
		3FBA929C19ABE2A900320CA0 /* LetterTile.m in Sources */ = {isa = PBXBuildFile; fileRef = 3FBA929B19ABE2A900320CA0 /* LetterTile.m */; };
		3FBA929F19ABE61A00320CA0 /* SceneEngine.m in Sources */ = {isa = PBXBuildFile; fileRef = 3FBA929E19ABE61A00320CA0 /* SceneEngine.m */; };
		3FBA92A219ABE62700320CA0 /* TurnEngine.m in Sources */ = {isa = PBXBuildFile; fileRef = 3FBA92A119ABE62700320CA0 /* TurnEngine.m */; };
		3FBA92A519ABE74800320CA0 /* Field.m in Sources */ = {isa = PBXBuildFile; fileRef = 3FBA92A419ABE74800320CA0 /* Field.m */; };
		3FBA92A819ABE75E00320CA0 /* TileField.m in Sources */ = {isa = PBXBuildFile; fileRef = 3FBA92A719ABE75E00320CA0 /* TileField.m */; };
		3FBA92AB19ABE7A700320CA0 /* WordField.m in Sources */ = {isa = PBXBuildFile; fileRef = 3FBA92AA19ABE7A700320CA0 /* WordField.m */; };
/* End PBXBuildFile section */

/* Begin PBXContainerItemProxy section */
		3F92828919AA85E6000D3791 /* PBXContainerItemProxy */ = {
			isa = PBXContainerItemProxy;
			containerPortal = 3F92826A19AA85E6000D3791 /* Project object */;
			proxyType = 1;
			remoteGlobalIDString = 3F92827119AA85E6000D3791;
			remoteInfo = GhostWord;
		};
/* End PBXContainerItemProxy section */

/* Begin PBXFileReference section */
		3F7BD88719AAF61200AF8032 /* OptionsViewController.h */ = {isa = PBXFileReference; fileEncoding = 4; lastKnownFileType = sourcecode.c.h; path = OptionsViewController.h; sourceTree = "<group>"; };
		3F7BD88819AAF61200AF8032 /* OptionsViewController.m */ = {isa = PBXFileReference; fileEncoding = 4; lastKnownFileType = sourcecode.c.objc; path = OptionsViewController.m; sourceTree = "<group>"; };
		3F7BD88A19AAF62100AF8032 /* HelpViewController.h */ = {isa = PBXFileReference; fileEncoding = 4; lastKnownFileType = sourcecode.c.h; path = HelpViewController.h; sourceTree = "<group>"; };
		3F7BD88B19AAF62100AF8032 /* HelpViewController.m */ = {isa = PBXFileReference; fileEncoding = 4; lastKnownFileType = sourcecode.c.objc; path = HelpViewController.m; sourceTree = "<group>"; };
		3F7BD88D19AAF93800AF8032 /* MainViewController.h */ = {isa = PBXFileReference; fileEncoding = 4; lastKnownFileType = sourcecode.c.h; path = MainViewController.h; sourceTree = "<group>"; };
		3F7BD88E19AAF93800AF8032 /* MainViewController.m */ = {isa = PBXFileReference; fileEncoding = 4; lastKnownFileType = sourcecode.c.objc; path = MainViewController.m; sourceTree = "<group>"; };
		3F7BD89019AB075100AF8032 /* Filmotype-Modern.otf */ = {isa = PBXFileReference; lastKnownFileType = file; path = "Filmotype-Modern.otf"; sourceTree = "<group>"; };
		3F92827219AA85E6000D3791 /* GhostWord.app */ = {isa = PBXFileReference; explicitFileType = wrapper.application; includeInIndex = 0; path = GhostWord.app; sourceTree = BUILT_PRODUCTS_DIR; };
		3F92827619AA85E6000D3791 /* Info.plist */ = {isa = PBXFileReference; lastKnownFileType = text.plist.xml; path = Info.plist; sourceTree = "<group>"; };
		3F92827719AA85E6000D3791 /* main.m */ = {isa = PBXFileReference; lastKnownFileType = sourcecode.c.objc; path = main.m; sourceTree = "<group>"; };
		3F92827919AA85E6000D3791 /* AppDelegate.h */ = {isa = PBXFileReference; lastKnownFileType = sourcecode.c.h; path = AppDelegate.h; sourceTree = "<group>"; };
		3F92827A19AA85E6000D3791 /* AppDelegate.m */ = {isa = PBXFileReference; lastKnownFileType = sourcecode.c.objc; path = AppDelegate.m; sourceTree = "<group>"; };
		3F92827C19AA85E6000D3791 /* MatchViewController.h */ = {isa = PBXFileReference; lastKnownFileType = sourcecode.c.h; path = MatchViewController.h; sourceTree = "<group>"; };
		3F92828019AA85E6000D3791 /* Base */ = {isa = PBXFileReference; lastKnownFileType = file.storyboard; name = Base; path = Base.lproj/Main.storyboard; sourceTree = "<group>"; };
		3F92828219AA85E6000D3791 /* Images.xcassets */ = {isa = PBXFileReference; lastKnownFileType = folder.assetcatalog; path = Images.xcassets; sourceTree = "<group>"; };
		3F92828819AA85E6000D3791 /* GhostWordTests.xctest */ = {isa = PBXFileReference; explicitFileType = wrapper.cfbundle; includeInIndex = 0; path = GhostWordTests.xctest; sourceTree = BUILT_PRODUCTS_DIR; };
		3F92828D19AA85E6000D3791 /* Info.plist */ = {isa = PBXFileReference; lastKnownFileType = text.plist.xml; path = Info.plist; sourceTree = "<group>"; };
		3F92828E19AA85E6000D3791 /* GhostWordTests.m */ = {isa = PBXFileReference; lastKnownFileType = sourcecode.c.objc; path = GhostWordTests.m; sourceTree = "<group>"; };
		3F92829819AA87F4000D3791 /* en.txt */ = {isa = PBXFileReference; fileEncoding = 4; lastKnownFileType = text; path = en.txt; sourceTree = "<group>"; };
		3F92829C19AA9713000D3791 /* LetterNode.h */ = {isa = PBXFileReference; fileEncoding = 4; lastKnownFileType = sourcecode.c.h; path = LetterNode.h; sourceTree = "<group>"; };
		3F92829D19AA9713000D3791 /* LetterNode.m */ = {isa = PBXFileReference; fileEncoding = 4; lastKnownFileType = sourcecode.c.objc; path = LetterNode.m; sourceTree = "<group>"; };
		3F92829F19AA9727000D3791 /* MatchViewController.m */ = {isa = PBXFileReference; fileEncoding = 4; lastKnownFileType = sourcecode.c.objc; path = MatchViewController.m; sourceTree = "<group>"; };
		3F9282A119AAB546000D3791 /* LogicEngine.h */ = {isa = PBXFileReference; fileEncoding = 4; lastKnownFileType = sourcecode.c.h; path = LogicEngine.h; sourceTree = "<group>"; };
		3F9282A219AAB546000D3791 /* LogicEngine.m */ = {isa = PBXFileReference; fileEncoding = 4; lastKnownFileType = sourcecode.c.objc; path = LogicEngine.m; sourceTree = "<group>"; };
		3FBA929A19ABE2A900320CA0 /* LetterTile.h */ = {isa = PBXFileReference; fileEncoding = 4; lastKnownFileType = sourcecode.c.h; path = LetterTile.h; sourceTree = "<group>"; };
		3FBA929B19ABE2A900320CA0 /* LetterTile.m */ = {isa = PBXFileReference; fileEncoding = 4; lastKnownFileType = sourcecode.c.objc; path = LetterTile.m; sourceTree = "<group>"; };
		3FBA929D19ABE61A00320CA0 /* SceneEngine.h */ = {isa = PBXFileReference; fileEncoding = 4; lastKnownFileType = sourcecode.c.h; path = SceneEngine.h; sourceTree = "<group>"; };
		3FBA929E19ABE61A00320CA0 /* SceneEngine.m */ = {isa = PBXFileReference; fileEncoding = 4; lastKnownFileType = sourcecode.c.objc; path = SceneEngine.m; sourceTree = "<group>"; };
		3FBA92A019ABE62700320CA0 /* TurnEngine.h */ = {isa = PBXFileReference; fileEncoding = 4; lastKnownFileType = sourcecode.c.h; path = TurnEngine.h; sourceTree = "<group>"; };
		3FBA92A119ABE62700320CA0 /* TurnEngine.m */ = {isa = PBXFileReference; fileEncoding = 4; lastKnownFileType = sourcecode.c.objc; path = TurnEngine.m; sourceTree = "<group>"; };
		3FBA92A319ABE74800320CA0 /* Field.h */ = {isa = PBXFileReference; fileEncoding = 4; lastKnownFileType = sourcecode.c.h; path = Field.h; sourceTree = "<group>"; };
		3FBA92A419ABE74800320CA0 /* Field.m */ = {isa = PBXFileReference; fileEncoding = 4; lastKnownFileType = sourcecode.c.objc; path = Field.m; sourceTree = "<group>"; };
		3FBA92A619ABE75E00320CA0 /* TileField.h */ = {isa = PBXFileReference; fileEncoding = 4; lastKnownFileType = sourcecode.c.h; path = TileField.h; sourceTree = "<group>"; };
		3FBA92A719ABE75E00320CA0 /* TileField.m */ = {isa = PBXFileReference; fileEncoding = 4; lastKnownFileType = sourcecode.c.objc; path = TileField.m; sourceTree = "<group>"; };
		3FBA92A919ABE7A700320CA0 /* WordField.h */ = {isa = PBXFileReference; fileEncoding = 4; lastKnownFileType = sourcecode.c.h; path = WordField.h; sourceTree = "<group>"; };
		3FBA92AA19ABE7A700320CA0 /* WordField.m */ = {isa = PBXFileReference; fileEncoding = 4; lastKnownFileType = sourcecode.c.objc; path = WordField.m; sourceTree = "<group>"; };
		3FBA92AC19ABEC3000320CA0 /* Constants.h */ = {isa = PBXFileReference; fileEncoding = 4; lastKnownFileType = sourcecode.c.h; path = Constants.h; sourceTree = "<group>"; };
/* End PBXFileReference section */

/* Begin PBXFrameworksBuildPhase section */
		3F92826F19AA85E6000D3791 /* Frameworks */ = {
			isa = PBXFrameworksBuildPhase;
			buildActionMask = 2147483647;
			files = (
			);
			runOnlyForDeploymentPostprocessing = 0;
		};
		3F92828519AA85E6000D3791 /* Frameworks */ = {
			isa = PBXFrameworksBuildPhase;
			buildActionMask = 2147483647;
			files = (
			);
			runOnlyForDeploymentPostprocessing = 0;
		};
/* End PBXFrameworksBuildPhase section */

/* Begin PBXGroup section */
		3F92826919AA85E6000D3791 = {
			isa = PBXGroup;
			children = (
				3F92827419AA85E6000D3791 /* GhostWord */,
				3F92828B19AA85E6000D3791 /* GhostWordTests */,
				3F92827319AA85E6000D3791 /* Products */,
			);
			sourceTree = "<group>";
		};
		3F92827319AA85E6000D3791 /* Products */ = {
			isa = PBXGroup;
			children = (
				3F92827219AA85E6000D3791 /* GhostWord.app */,
				3F92828819AA85E6000D3791 /* GhostWordTests.xctest */,
			);
			name = Products;
			sourceTree = "<group>";
		};
		3F92827419AA85E6000D3791 /* GhostWord */ = {
			isa = PBXGroup;
			children = (
				3FBA92AC19ABEC3000320CA0 /* Constants.h */,
				3F92827F19AA85E6000D3791 /* Main.storyboard */,
				3F92827919AA85E6000D3791 /* AppDelegate.h */,
				3F92827A19AA85E6000D3791 /* AppDelegate.m */,
				3F7BD88D19AAF93800AF8032 /* MainViewController.h */,
				3F7BD88E19AAF93800AF8032 /* MainViewController.m */,
				3F92827C19AA85E6000D3791 /* MatchViewController.h */,
				3F92829F19AA9727000D3791 /* MatchViewController.m */,
				3F7BD88719AAF61200AF8032 /* OptionsViewController.h */,
				3F7BD88819AAF61200AF8032 /* OptionsViewController.m */,
				3F7BD88A19AAF62100AF8032 /* HelpViewController.h */,
				3F7BD88B19AAF62100AF8032 /* HelpViewController.m */,
				3F9282A419AAC922000D3791 /* Logic */,
				3FBA929919ABE28500320CA0 /* Views */,
				3F92827519AA85E6000D3791 /* Supporting Files */,
				3F92828219AA85E6000D3791 /* Images.xcassets */,
			);
			path = GhostWord;
			sourceTree = "<group>";
		};
		3F92827519AA85E6000D3791 /* Supporting Files */ = {
			isa = PBXGroup;
			children = (
				3F7BD89019AB075100AF8032 /* Filmotype-Modern.otf */,
				3F92829819AA87F4000D3791 /* en.txt */,
				3F92827619AA85E6000D3791 /* Info.plist */,
				3F92827719AA85E6000D3791 /* main.m */,
			);
			name = "Supporting Files";
			sourceTree = "<group>";
		};
		3F92828B19AA85E6000D3791 /* GhostWordTests */ = {
			isa = PBXGroup;
			children = (
				3F92828E19AA85E6000D3791 /* GhostWordTests.m */,
				3F92828C19AA85E6000D3791 /* Supporting Files */,
			);
			path = GhostWordTests;
			sourceTree = "<group>";
		};
		3F92828C19AA85E6000D3791 /* Supporting Files */ = {
			isa = PBXGroup;
			children = (
				3F92828D19AA85E6000D3791 /* Info.plist */,
			);
			name = "Supporting Files";
			sourceTree = "<group>";
		};
		3F9282A419AAC922000D3791 /* Logic */ = {
			isa = PBXGroup;
			children = (
				3F92829C19AA9713000D3791 /* LetterNode.h */,
				3F92829D19AA9713000D3791 /* LetterNode.m */,
				3F9282A119AAB546000D3791 /* LogicEngine.h */,
				3F9282A219AAB546000D3791 /* LogicEngine.m */,
				3FBA92A019ABE62700320CA0 /* TurnEngine.h */,
				3FBA92A119ABE62700320CA0 /* TurnEngine.m */,
			);
			name = Logic;
			sourceTree = "<group>";
		};
		3FBA929919ABE28500320CA0 /* Views */ = {
			isa = PBXGroup;
			children = (
				3FBA92A319ABE74800320CA0 /* Field.h */,
				3FBA92A419ABE74800320CA0 /* Field.m */,
				3FBA92A619ABE75E00320CA0 /* TileField.h */,
				3FBA92A719ABE75E00320CA0 /* TileField.m */,
				3FBA92A919ABE7A700320CA0 /* WordField.h */,
				3FBA92AA19ABE7A700320CA0 /* WordField.m */,
				3FBA929A19ABE2A900320CA0 /* LetterTile.h */,
				3FBA929B19ABE2A900320CA0 /* LetterTile.m */,
				3FBA929D19ABE61A00320CA0 /* SceneEngine.h */,
				3FBA929E19ABE61A00320CA0 /* SceneEngine.m */,
			);
			name = Views;
			sourceTree = "<group>";
		};
/* End PBXGroup section */

/* Begin PBXNativeTarget section */
		3F92827119AA85E6000D3791 /* GhostWord */ = {
			isa = PBXNativeTarget;
			buildConfigurationList = 3F92829219AA85E6000D3791 /* Build configuration list for PBXNativeTarget "GhostWord" */;
			buildPhases = (
				3F92826E19AA85E6000D3791 /* Sources */,
				3F92826F19AA85E6000D3791 /* Frameworks */,
				3F92827019AA85E6000D3791 /* Resources */,
			);
			buildRules = (
			);
			dependencies = (
			);
			name = GhostWord;
			productName = GhostWord;
			productReference = 3F92827219AA85E6000D3791 /* GhostWord.app */;
			productType = "com.apple.product-type.application";
		};
		3F92828719AA85E6000D3791 /* GhostWordTests */ = {
			isa = PBXNativeTarget;
			buildConfigurationList = 3F92829519AA85E6000D3791 /* Build configuration list for PBXNativeTarget "GhostWordTests" */;
			buildPhases = (
				3F92828419AA85E6000D3791 /* Sources */,
				3F92828519AA85E6000D3791 /* Frameworks */,
				3F92828619AA85E6000D3791 /* Resources */,
			);
			buildRules = (
			);
			dependencies = (
				3F92828A19AA85E6000D3791 /* PBXTargetDependency */,
			);
			name = GhostWordTests;
			productName = GhostWordTests;
			productReference = 3F92828819AA85E6000D3791 /* GhostWordTests.xctest */;
			productType = "com.apple.product-type.bundle.unit-test";
		};
/* End PBXNativeTarget section */

/* Begin PBXProject section */
		3F92826A19AA85E6000D3791 /* Project object */ = {
			isa = PBXProject;
			attributes = {
				LastUpgradeCheck = 0600;
				ORGANIZATIONNAME = "Bennett Lin";
				TargetAttributes = {
					3F92827119AA85E6000D3791 = {
						CreatedOnToolsVersion = 6.0;
					};
					3F92828719AA85E6000D3791 = {
						CreatedOnToolsVersion = 6.0;
						TestTargetID = 3F92827119AA85E6000D3791;
					};
				};
			};
			buildConfigurationList = 3F92826D19AA85E6000D3791 /* Build configuration list for PBXProject "GhostWord" */;
			compatibilityVersion = "Xcode 3.2";
			developmentRegion = English;
			hasScannedForEncodings = 0;
			knownRegions = (
				en,
				Base,
			);
			mainGroup = 3F92826919AA85E6000D3791;
			productRefGroup = 3F92827319AA85E6000D3791 /* Products */;
			projectDirPath = "";
			projectRoot = "";
			targets = (
				3F92827119AA85E6000D3791 /* GhostWord */,
				3F92828719AA85E6000D3791 /* GhostWordTests */,
			);
		};
/* End PBXProject section */

/* Begin PBXResourcesBuildPhase section */
		3F92827019AA85E6000D3791 /* Resources */ = {
			isa = PBXResourcesBuildPhase;
			buildActionMask = 2147483647;
			files = (
				3F92829919AA87F4000D3791 /* en.txt in Resources */,
				3F92828119AA85E6000D3791 /* Main.storyboard in Resources */,
				3F7BD89119AB07DA00AF8032 /* Filmotype-Modern.otf in Resources */,
				3F92828319AA85E6000D3791 /* Images.xcassets in Resources */,
			);
			runOnlyForDeploymentPostprocessing = 0;
		};
		3F92828619AA85E6000D3791 /* Resources */ = {
			isa = PBXResourcesBuildPhase;
			buildActionMask = 2147483647;
			files = (
			);
			runOnlyForDeploymentPostprocessing = 0;
		};
/* End PBXResourcesBuildPhase section */

/* Begin PBXSourcesBuildPhase section */
		3F92826E19AA85E6000D3791 /* Sources */ = {
			isa = PBXSourcesBuildPhase;
			buildActionMask = 2147483647;
			files = (
				3F92829E19AA9713000D3791 /* LetterNode.m in Sources */,
				3F92827B19AA85E6000D3791 /* AppDelegate.m in Sources */,
				3FBA929F19ABE61A00320CA0 /* SceneEngine.m in Sources */,
				3F9282A019AA9727000D3791 /* MatchViewController.m in Sources */,
				3F9282A319AAB546000D3791 /* LogicEngine.m in Sources */,
				3F7BD88F19AAF93800AF8032 /* MainViewController.m in Sources */,
				3FBA92A519ABE74800320CA0 /* Field.m in Sources */,
				3F7BD88C19AAF62100AF8032 /* HelpViewController.m in Sources */,
				3F92827819AA85E6000D3791 /* main.m in Sources */,
				3FBA92A819ABE75E00320CA0 /* TileField.m in Sources */,
				3FBA92AB19ABE7A700320CA0 /* WordField.m in Sources */,
				3FBA92A219ABE62700320CA0 /* TurnEngine.m in Sources */,
				3FBA929C19ABE2A900320CA0 /* LetterTile.m in Sources */,
				3F7BD88919AAF61200AF8032 /* OptionsViewController.m in Sources */,
			);
			runOnlyForDeploymentPostprocessing = 0;
		};
		3F92828419AA85E6000D3791 /* Sources */ = {
			isa = PBXSourcesBuildPhase;
			buildActionMask = 2147483647;
			files = (
				3F92828F19AA85E6000D3791 /* GhostWordTests.m in Sources */,
			);
			runOnlyForDeploymentPostprocessing = 0;
		};
/* End PBXSourcesBuildPhase section */

/* Begin PBXTargetDependency section */
		3F92828A19AA85E6000D3791 /* PBXTargetDependency */ = {
			isa = PBXTargetDependency;
			target = 3F92827119AA85E6000D3791 /* GhostWord */;
			targetProxy = 3F92828919AA85E6000D3791 /* PBXContainerItemProxy */;
		};
/* End PBXTargetDependency section */

/* Begin PBXVariantGroup section */
		3F92827F19AA85E6000D3791 /* Main.storyboard */ = {
			isa = PBXVariantGroup;
			children = (
				3F92828019AA85E6000D3791 /* Base */,
			);
			name = Main.storyboard;
			sourceTree = "<group>";
		};
/* End PBXVariantGroup section */

/* Begin XCBuildConfiguration section */
		3F92829019AA85E6000D3791 /* Debug */ = {
			isa = XCBuildConfiguration;
			buildSettings = {
				ALWAYS_SEARCH_USER_PATHS = NO;
				CLANG_CXX_LANGUAGE_STANDARD = "gnu++0x";
				CLANG_CXX_LIBRARY = "libc++";
				CLANG_ENABLE_MODULES = YES;
				CLANG_ENABLE_OBJC_ARC = YES;
				CLANG_WARN_BOOL_CONVERSION = YES;
				CLANG_WARN_CONSTANT_CONVERSION = YES;
				CLANG_WARN_DIRECT_OBJC_ISA_USAGE = YES_ERROR;
				CLANG_WARN_EMPTY_BODY = YES;
				CLANG_WARN_ENUM_CONVERSION = YES;
				CLANG_WARN_INT_CONVERSION = YES;
				CLANG_WARN_OBJC_ROOT_CLASS = YES_ERROR;
				CLANG_WARN_UNREACHABLE_CODE = YES;
				CLANG_WARN__DUPLICATE_METHOD_MATCH = YES;
				"CODE_SIGN_IDENTITY[sdk=iphoneos*]" = "iPhone Developer";
				COPY_PHASE_STRIP = NO;
				ENABLE_STRICT_OBJC_MSGSEND = YES;
				GCC_C_LANGUAGE_STANDARD = gnu99;
				GCC_DYNAMIC_NO_PIC = NO;
				GCC_OPTIMIZATION_LEVEL = 0;
				GCC_PREPROCESSOR_DEFINITIONS = (
					"DEBUG=1",
					"$(inherited)",
				);
				GCC_SYMBOLS_PRIVATE_EXTERN = NO;
				GCC_WARN_64_TO_32_BIT_CONVERSION = YES;
				GCC_WARN_ABOUT_RETURN_TYPE = YES_ERROR;
				GCC_WARN_UNDECLARED_SELECTOR = YES;
				GCC_WARN_UNINITIALIZED_AUTOS = YES_AGGRESSIVE;
				GCC_WARN_UNUSED_FUNCTION = YES;
				GCC_WARN_UNUSED_VARIABLE = YES;
				IPHONEOS_DEPLOYMENT_TARGET = 8.0;
				MTL_ENABLE_DEBUG_INFO = YES;
				ONLY_ACTIVE_ARCH = YES;
				SDKROOT = iphoneos;
				TARGETED_DEVICE_FAMILY = "1,2";
			};
			name = Debug;
		};
		3F92829119AA85E6000D3791 /* Release */ = {
			isa = XCBuildConfiguration;
			buildSettings = {
				ALWAYS_SEARCH_USER_PATHS = NO;
				CLANG_CXX_LANGUAGE_STANDARD = "gnu++0x";
				CLANG_CXX_LIBRARY = "libc++";
				CLANG_ENABLE_MODULES = YES;
				CLANG_ENABLE_OBJC_ARC = YES;
				CLANG_WARN_BOOL_CONVERSION = YES;
				CLANG_WARN_CONSTANT_CONVERSION = YES;
				CLANG_WARN_DIRECT_OBJC_ISA_USAGE = YES_ERROR;
				CLANG_WARN_EMPTY_BODY = YES;
				CLANG_WARN_ENUM_CONVERSION = YES;
				CLANG_WARN_INT_CONVERSION = YES;
				CLANG_WARN_OBJC_ROOT_CLASS = YES_ERROR;
				CLANG_WARN_UNREACHABLE_CODE = YES;
				CLANG_WARN__DUPLICATE_METHOD_MATCH = YES;
				"CODE_SIGN_IDENTITY[sdk=iphoneos*]" = "iPhone Developer";
				COPY_PHASE_STRIP = YES;
				ENABLE_NS_ASSERTIONS = NO;
				ENABLE_STRICT_OBJC_MSGSEND = YES;
				GCC_C_LANGUAGE_STANDARD = gnu99;
				GCC_WARN_64_TO_32_BIT_CONVERSION = YES;
				GCC_WARN_ABOUT_RETURN_TYPE = YES_ERROR;
				GCC_WARN_UNDECLARED_SELECTOR = YES;
				GCC_WARN_UNINITIALIZED_AUTOS = YES_AGGRESSIVE;
				GCC_WARN_UNUSED_FUNCTION = YES;
				GCC_WARN_UNUSED_VARIABLE = YES;
				IPHONEOS_DEPLOYMENT_TARGET = 8.0;
				MTL_ENABLE_DEBUG_INFO = NO;
				SDKROOT = iphoneos;
				TARGETED_DEVICE_FAMILY = "1,2";
				VALIDATE_PRODUCT = YES;
			};
			name = Release;
		};
		3F92829319AA85E6000D3791 /* Debug */ = {
			isa = XCBuildConfiguration;
			buildSettings = {
				ASSETCATALOG_COMPILER_APPICON_NAME = AppIcon;
				ASSETCATALOG_COMPILER_LAUNCHIMAGE_NAME = LaunchImage;
				INFOPLIST_FILE = GhostWord/Info.plist;
				IPHONEOS_DEPLOYMENT_TARGET = 7.1;
				LD_RUNPATH_SEARCH_PATHS = "$(inherited) @executable_path/Frameworks";
				PRODUCT_NAME = "$(TARGET_NAME)";
			};
			name = Debug;
		};
		3F92829419AA85E6000D3791 /* Release */ = {
			isa = XCBuildConfiguration;
			buildSettings = {
				ASSETCATALOG_COMPILER_APPICON_NAME = AppIcon;
				ASSETCATALOG_COMPILER_LAUNCHIMAGE_NAME = LaunchImage;
				INFOPLIST_FILE = GhostWord/Info.plist;
				IPHONEOS_DEPLOYMENT_TARGET = 7.1;
				LD_RUNPATH_SEARCH_PATHS = "$(inherited) @executable_path/Frameworks";
				PRODUCT_NAME = "$(TARGET_NAME)";
			};
			name = Release;
		};
		3F92829619AA85E6000D3791 /* Debug */ = {
			isa = XCBuildConfiguration;
			buildSettings = {
				BUNDLE_LOADER = "$(BUILT_PRODUCTS_DIR)/GhostWord.app/GhostWord";
				FRAMEWORK_SEARCH_PATHS = (
					"$(SDKROOT)/Developer/Library/Frameworks",
					"$(inherited)",
				);
				GCC_PREPROCESSOR_DEFINITIONS = (
					"DEBUG=1",
					"$(inherited)",
				);
				INFOPLIST_FILE = GhostWordTests/Info.plist;
				LD_RUNPATH_SEARCH_PATHS = "$(inherited) @executable_path/Frameworks @loader_path/Frameworks";
				PRODUCT_NAME = "$(TARGET_NAME)";
				TEST_HOST = "$(BUNDLE_LOADER)";
			};
			name = Debug;
		};
		3F92829719AA85E6000D3791 /* Release */ = {
			isa = XCBuildConfiguration;
			buildSettings = {
				BUNDLE_LOADER = "$(BUILT_PRODUCTS_DIR)/GhostWord.app/GhostWord";
				FRAMEWORK_SEARCH_PATHS = (
					"$(SDKROOT)/Developer/Library/Frameworks",
					"$(inherited)",
				);
				INFOPLIST_FILE = GhostWordTests/Info.plist;
				LD_RUNPATH_SEARCH_PATHS = "$(inherited) @executable_path/Frameworks @loader_path/Frameworks";
				PRODUCT_NAME = "$(TARGET_NAME)";
				TEST_HOST = "$(BUNDLE_LOADER)";
			};
			name = Release;
		};
/* End XCBuildConfiguration section */

/* Begin XCConfigurationList section */
		3F92826D19AA85E6000D3791 /* Build configuration list for PBXProject "GhostWord" */ = {
			isa = XCConfigurationList;
			buildConfigurations = (
				3F92829019AA85E6000D3791 /* Debug */,
				3F92829119AA85E6000D3791 /* Release */,
			);
			defaultConfigurationIsVisible = 0;
			defaultConfigurationName = Release;
		};
		3F92829219AA85E6000D3791 /* Build configuration list for PBXNativeTarget "GhostWord" */ = {
			isa = XCConfigurationList;
			buildConfigurations = (
				3F92829319AA85E6000D3791 /* Debug */,
				3F92829419AA85E6000D3791 /* Release */,
			);
			defaultConfigurationIsVisible = 0;
			defaultConfigurationName = Release;
		};
		3F92829519AA85E6000D3791 /* Build configuration list for PBXNativeTarget "GhostWordTests" */ = {
			isa = XCConfigurationList;
			buildConfigurations = (
				3F92829619AA85E6000D3791 /* Debug */,
				3F92829719AA85E6000D3791 /* Release */,
			);
			defaultConfigurationIsVisible = 0;
			defaultConfigurationName = Release;
		};
/* End XCConfigurationList section */
	};
	rootObject = 3F92826A19AA85E6000D3791 /* Project object */;
}
